// !$*UTF8*$!
{
	archiveVersion = 1;
	classes = {
	};
	objectVersion = 55;
	objects = {

/* Begin PBXBuildFile section */
		C1A4B0CD2A49907A00998284 /* semipermApp.swift in Sources */ = {isa = PBXBuildFile; fileRef = C1A4B0CC2A49907A00998284 /* semipermApp.swift */; };
		C1A4B0CF2A49907A00998284 /* ContentView.swift in Sources */ = {isa = PBXBuildFile; fileRef = C1A4B0CE2A49907A00998284 /* ContentView.swift */; };
		C1A4B0D12A49907C00998284 /* Assets.xcassets in Resources */ = {isa = PBXBuildFile; fileRef = C1A4B0D02A49907C00998284 /* Assets.xcassets */; };
		C1A4B0D42A49907C00998284 /* Preview Assets.xcassets in Resources */ = {isa = PBXBuildFile; fileRef = C1A4B0D32A49907C00998284 /* Preview Assets.xcassets */; };
		C1A4B0DE2A49907C00998284 /* semipermTests.swift in Sources */ = {isa = PBXBuildFile; fileRef = C1A4B0DD2A49907C00998284 /* semipermTests.swift */; };
		C1A4B0E82A49907C00998284 /* semipermUITests.swift in Sources */ = {isa = PBXBuildFile; fileRef = C1A4B0E72A49907C00998284 /* semipermUITests.swift */; };
		C1A4B0EA2A49907C00998284 /* semipermUITestsLaunchTests.swift in Sources */ = {isa = PBXBuildFile; fileRef = C1A4B0E92A49907C00998284 /* semipermUITestsLaunchTests.swift */; };
/* End PBXBuildFile section */

/* Begin PBXContainerItemProxy section */
		C1A4B0DA2A49907C00998284 /* PBXContainerItemProxy */ = {
			isa = PBXContainerItemProxy;
			containerPortal = C1A4B0C12A49907A00998284 /* Project object */;
			proxyType = 1;
			remoteGlobalIDString = C1A4B0C82A49907A00998284;
			remoteInfo = semiperm;
		};
		C1A4B0E42A49907C00998284 /* PBXContainerItemProxy */ = {
			isa = PBXContainerItemProxy;
			containerPortal = C1A4B0C12A49907A00998284 /* Project object */;
			proxyType = 1;
			remoteGlobalIDString = C1A4B0C82A49907A00998284;
			remoteInfo = semiperm;
		};
/* End PBXContainerItemProxy section */

/* Begin PBXFileReference section */
		C1A4B0C92A49907A00998284 /* semiperm.app */ = {isa = PBXFileReference; explicitFileType = wrapper.application; includeInIndex = 0; path = semiperm.app; sourceTree = BUILT_PRODUCTS_DIR; };
		C1A4B0CC2A49907A00998284 /* semipermApp.swift */ = {isa = PBXFileReference; lastKnownFileType = sourcecode.swift; path = semipermApp.swift; sourceTree = "<group>"; };
		C1A4B0CE2A49907A00998284 /* ContentView.swift */ = {isa = PBXFileReference; lastKnownFileType = sourcecode.swift; path = ContentView.swift; sourceTree = "<group>"; };
		C1A4B0D02A49907C00998284 /* Assets.xcassets */ = {isa = PBXFileReference; lastKnownFileType = folder.assetcatalog; path = Assets.xcassets; sourceTree = "<group>"; };
		C1A4B0D32A49907C00998284 /* Preview Assets.xcassets */ = {isa = PBXFileReference; lastKnownFileType = folder.assetcatalog; path = "Preview Assets.xcassets"; sourceTree = "<group>"; };
		C1A4B0D92A49907C00998284 /* semipermTests.xctest */ = {isa = PBXFileReference; explicitFileType = wrapper.cfbundle; includeInIndex = 0; path = semipermTests.xctest; sourceTree = BUILT_PRODUCTS_DIR; };
		C1A4B0DD2A49907C00998284 /* semipermTests.swift */ = {isa = PBXFileReference; lastKnownFileType = sourcecode.swift; path = semipermTests.swift; sourceTree = "<group>"; };
		C1A4B0E32A49907C00998284 /* semipermUITests.xctest */ = {isa = PBXFileReference; explicitFileType = wrapper.cfbundle; includeInIndex = 0; path = semipermUITests.xctest; sourceTree = BUILT_PRODUCTS_DIR; };
		C1A4B0E72A49907C00998284 /* semipermUITests.swift */ = {isa = PBXFileReference; lastKnownFileType = sourcecode.swift; path = semipermUITests.swift; sourceTree = "<group>"; };
		C1A4B0E92A49907C00998284 /* semipermUITestsLaunchTests.swift */ = {isa = PBXFileReference; lastKnownFileType = sourcecode.swift; path = semipermUITestsLaunchTests.swift; sourceTree = "<group>"; };
/* End PBXFileReference section */

/* Begin PBXFrameworksBuildPhase section */
		C1A4B0C62A49907A00998284 /* Frameworks */ = {
			isa = PBXFrameworksBuildPhase;
			buildActionMask = 2147483647;
			files = (
			);
			runOnlyForDeploymentPostprocessing = 0;
		};
		C1A4B0D62A49907C00998284 /* Frameworks */ = {
			isa = PBXFrameworksBuildPhase;
			buildActionMask = 2147483647;
			files = (
			);
			runOnlyForDeploymentPostprocessing = 0;
		};
		C1A4B0E02A49907C00998284 /* Frameworks */ = {
			isa = PBXFrameworksBuildPhase;
			buildActionMask = 2147483647;
			files = (
			);
			runOnlyForDeploymentPostprocessing = 0;
		};
/* End PBXFrameworksBuildPhase section */

/* Begin PBXGroup section */
		C1A4B0C02A49907A00998284 = {
			isa = PBXGroup;
			children = (
				C1A4B0CB2A49907A00998284 /* semiperm */,
				C1A4B0DC2A49907C00998284 /* semipermTests */,
				C1A4B0E62A49907C00998284 /* semipermUITests */,
				C1A4B0CA2A49907A00998284 /* Products */,
			);
			sourceTree = "<group>";
		};
		C1A4B0CA2A49907A00998284 /* Products */ = {
			isa = PBXGroup;
			children = (
				C1A4B0C92A49907A00998284 /* semiperm.app */,
				C1A4B0D92A49907C00998284 /* semipermTests.xctest */,
				C1A4B0E32A49907C00998284 /* semipermUITests.xctest */,
			);
			name = Products;
			sourceTree = "<group>";
		};
		C1A4B0CB2A49907A00998284 /* semiperm */ = {
			isa = PBXGroup;
			children = (
				C1A4B0CC2A49907A00998284 /* semipermApp.swift */,
				C1A4B0CE2A49907A00998284 /* ContentView.swift */,
				C1A4B0D02A49907C00998284 /* Assets.xcassets */,
				C1A4B0D22A49907C00998284 /* Preview Content */,
			);
			path = semiperm;
			sourceTree = "<group>";
		};
		C1A4B0D22A49907C00998284 /* Preview Content */ = {
			isa = PBXGroup;
			children = (
				C1A4B0D32A49907C00998284 /* Preview Assets.xcassets */,
			);
			path = "Preview Content";
			sourceTree = "<group>";
		};
		C1A4B0DC2A49907C00998284 /* semipermTests */ = {
			isa = PBXGroup;
			children = (
				C1A4B0DD2A49907C00998284 /* semipermTests.swift */,
			);
			path = semipermTests;
			sourceTree = "<group>";
		};
		C1A4B0E62A49907C00998284 /* semipermUITests */ = {
			isa = PBXGroup;
			children = (
				C1A4B0E72A49907C00998284 /* semipermUITests.swift */,
				C1A4B0E92A49907C00998284 /* semipermUITestsLaunchTests.swift */,
			);
			path = semipermUITests;
			sourceTree = "<group>";
		};
/* End PBXGroup section */

/* Begin PBXNativeTarget section */
		C1A4B0C82A49907A00998284 /* semiperm */ = {
			isa = PBXNativeTarget;
			buildConfigurationList = C1A4B0ED2A49907C00998284 /* Build configuration list for PBXNativeTarget "semiperm" */;
			buildPhases = (
				C1A4B0C52A49907A00998284 /* Sources */,
				C1A4B0C62A49907A00998284 /* Frameworks */,
				C1A4B0C72A49907A00998284 /* Resources */,
			);
			buildRules = (
			);
			dependencies = (
			);
			name = semiperm;
			productName = semiperm;
			productReference = C1A4B0C92A49907A00998284 /* semiperm.app */;
			productType = "com.apple.product-type.application";
		};
		C1A4B0D82A49907C00998284 /* semipermTests */ = {
			isa = PBXNativeTarget;
			buildConfigurationList = C1A4B0F02A49907C00998284 /* Build configuration list for PBXNativeTarget "semipermTests" */;
			buildPhases = (
				C1A4B0D52A49907C00998284 /* Sources */,
				C1A4B0D62A49907C00998284 /* Frameworks */,
				C1A4B0D72A49907C00998284 /* Resources */,
			);
			buildRules = (
			);
			dependencies = (
				C1A4B0DB2A49907C00998284 /* PBXTargetDependency */,
			);
			name = semipermTests;
			productName = semipermTests;
			productReference = C1A4B0D92A49907C00998284 /* semipermTests.xctest */;
			productType = "com.apple.product-type.bundle.unit-test";
		};
		C1A4B0E22A49907C00998284 /* semipermUITests */ = {
			isa = PBXNativeTarget;
			buildConfigurationList = C1A4B0F32A49907C00998284 /* Build configuration list for PBXNativeTarget "semipermUITests" */;
			buildPhases = (
				C1A4B0DF2A49907C00998284 /* Sources */,
				C1A4B0E02A49907C00998284 /* Frameworks */,
				C1A4B0E12A49907C00998284 /* Resources */,
			);
			buildRules = (
			);
			dependencies = (
				C1A4B0E52A49907C00998284 /* PBXTargetDependency */,
			);
			name = semipermUITests;
			productName = semipermUITests;
			productReference = C1A4B0E32A49907C00998284 /* semipermUITests.xctest */;
			productType = "com.apple.product-type.bundle.ui-testing";
		};
/* End PBXNativeTarget section */

/* Begin PBXProject section */
		C1A4B0C12A49907A00998284 /* Project object */ = {
			isa = PBXProject;
			attributes = {
				BuildIndependentTargetsInParallel = 1;
				LastSwiftUpdateCheck = 1340;
				LastUpgradeCheck = 1340;
				TargetAttributes = {
					C1A4B0C82A49907A00998284 = {
						CreatedOnToolsVersion = 13.4.1;
					};
					C1A4B0D82A49907C00998284 = {
						CreatedOnToolsVersion = 13.4.1;
						TestTargetID = C1A4B0C82A49907A00998284;
					};
					C1A4B0E22A49907C00998284 = {
						CreatedOnToolsVersion = 13.4.1;
						TestTargetID = C1A4B0C82A49907A00998284;
					};
				};
			};
			buildConfigurationList = C1A4B0C42A49907A00998284 /* Build configuration list for PBXProject "semiperm" */;
			compatibilityVersion = "Xcode 13.0";
			developmentRegion = en;
			hasScannedForEncodings = 0;
			knownRegions = (
				en,
				Base,
			);
			mainGroup = C1A4B0C02A49907A00998284;
			productRefGroup = C1A4B0CA2A49907A00998284 /* Products */;
			projectDirPath = "";
			projectRoot = "";
			targets = (
				C1A4B0C82A49907A00998284 /* semiperm */,
				C1A4B0D82A49907C00998284 /* semipermTests */,
				C1A4B0E22A49907C00998284 /* semipermUITests */,
			);
		};
/* End PBXProject section */

/* Begin PBXResourcesBuildPhase section */
		C1A4B0C72A49907A00998284 /* Resources */ = {
			isa = PBXResourcesBuildPhase;
			buildActionMask = 2147483647;
			files = (
				C1A4B0D42A49907C00998284 /* Preview Assets.xcassets in Resources */,
				C1A4B0D12A49907C00998284 /* Assets.xcassets in Resources */,
			);
			runOnlyForDeploymentPostprocessing = 0;
		};
		C1A4B0D72A49907C00998284 /* Resources */ = {
			isa = PBXResourcesBuildPhase;
			buildActionMask = 2147483647;
			files = (
			);
			runOnlyForDeploymentPostprocessing = 0;
		};
		C1A4B0E12A49907C00998284 /* Resources */ = {
			isa = PBXResourcesBuildPhase;
			buildActionMask = 2147483647;
			files = (
			);
			runOnlyForDeploymentPostprocessing = 0;
		};
/* End PBXResourcesBuildPhase section */

/* Begin PBXSourcesBuildPhase section */
		C1A4B0C52A49907A00998284 /* Sources */ = {
			isa = PBXSourcesBuildPhase;
			buildActionMask = 2147483647;
			files = (
				C1A4B0CF2A49907A00998284 /* ContentView.swift in Sources */,
				C1A4B0CD2A49907A00998284 /* semipermApp.swift in Sources */,
			);
			runOnlyForDeploymentPostprocessing = 0;
		};
		C1A4B0D52A49907C00998284 /* Sources */ = {
			isa = PBXSourcesBuildPhase;
			buildActionMask = 2147483647;
			files = (
				C1A4B0DE2A49907C00998284 /* semipermTests.swift in Sources */,
			);
			runOnlyForDeploymentPostprocessing = 0;
		};
		C1A4B0DF2A49907C00998284 /* Sources */ = {
			isa = PBXSourcesBuildPhase;
			buildActionMask = 2147483647;
			files = (
				C1A4B0EA2A49907C00998284 /* semipermUITestsLaunchTests.swift in Sources */,
				C1A4B0E82A49907C00998284 /* semipermUITests.swift in Sources */,
			);
			runOnlyForDeploymentPostprocessing = 0;
		};
/* End PBXSourcesBuildPhase section */

/* Begin PBXTargetDependency section */
		C1A4B0DB2A49907C00998284 /* PBXTargetDependency */ = {
			isa = PBXTargetDependency;
			target = C1A4B0C82A49907A00998284 /* semiperm */;
			targetProxy = C1A4B0DA2A49907C00998284 /* PBXContainerItemProxy */;
		};
		C1A4B0E52A49907C00998284 /* PBXTargetDependency */ = {
			isa = PBXTargetDependency;
			target = C1A4B0C82A49907A00998284 /* semiperm */;
			targetProxy = C1A4B0E42A49907C00998284 /* PBXContainerItemProxy */;
		};
/* End PBXTargetDependency section */

/* Begin XCBuildConfiguration section */
		C1A4B0EB2A49907C00998284 /* Debug */ = {
			isa = XCBuildConfiguration;
			buildSettings = {
				ALWAYS_SEARCH_USER_PATHS = NO;
				CLANG_ANALYZER_NONNULL = YES;
				CLANG_ANALYZER_NUMBER_OBJECT_CONVERSION = YES_AGGRESSIVE;
				CLANG_CXX_LANGUAGE_STANDARD = "gnu++17";
				CLANG_ENABLE_MODULES = YES;
				CLANG_ENABLE_OBJC_ARC = YES;
				CLANG_ENABLE_OBJC_WEAK = YES;
				CLANG_WARN_BLOCK_CAPTURE_AUTORELEASING = YES;
				CLANG_WARN_BOOL_CONVERSION = YES;
				CLANG_WARN_COMMA = YES;
				CLANG_WARN_CONSTANT_CONVERSION = YES;
				CLANG_WARN_DEPRECATED_OBJC_IMPLEMENTATIONS = YES;
				CLANG_WARN_DIRECT_OBJC_ISA_USAGE = YES_ERROR;
				CLANG_WARN_DOCUMENTATION_COMMENTS = YES;
				CLANG_WARN_EMPTY_BODY = YES;
				CLANG_WARN_ENUM_CONVERSION = YES;
				CLANG_WARN_INFINITE_RECURSION = YES;
				CLANG_WARN_INT_CONVERSION = YES;
				CLANG_WARN_NON_LITERAL_NULL_CONVERSION = YES;
				CLANG_WARN_OBJC_IMPLICIT_RETAIN_SELF = YES;
				CLANG_WARN_OBJC_LITERAL_CONVERSION = YES;
				CLANG_WARN_OBJC_ROOT_CLASS = YES_ERROR;
				CLANG_WARN_QUOTED_INCLUDE_IN_FRAMEWORK_HEADER = YES;
				CLANG_WARN_RANGE_LOOP_ANALYSIS = YES;
				CLANG_WARN_STRICT_PROTOTYPES = YES;
				CLANG_WARN_SUSPICIOUS_MOVE = YES;
				CLANG_WARN_UNGUARDED_AVAILABILITY = YES_AGGRESSIVE;
				CLANG_WARN_UNREACHABLE_CODE = YES;
				CLANG_WARN__DUPLICATE_METHOD_MATCH = YES;
				COPY_PHASE_STRIP = NO;
				DEBUG_INFORMATION_FORMAT = dwarf;
				ENABLE_STRICT_OBJC_MSGSEND = YES;
				ENABLE_TESTABILITY = YES;
				GCC_C_LANGUAGE_STANDARD = gnu11;
				GCC_DYNAMIC_NO_PIC = NO;
				GCC_NO_COMMON_BLOCKS = YES;
				GCC_OPTIMIZATION_LEVEL = 0;
				GCC_PREPROCESSOR_DEFINITIONS = (
					"DEBUG=1",
					"$(inherited)",
				);
				GCC_WARN_64_TO_32_BIT_CONVERSION = YES;
				GCC_WARN_ABOUT_RETURN_TYPE = YES_ERROR;
				GCC_WARN_UNDECLARED_SELECTOR = YES;
				GCC_WARN_UNINITIALIZED_AUTOS = YES_AGGRESSIVE;
				GCC_WARN_UNUSED_FUNCTION = YES;
				GCC_WARN_UNUSED_VARIABLE = YES;
				IPHONEOS_DEPLOYMENT_TARGET = 15.5;
				MTL_ENABLE_DEBUG_INFO = INCLUDE_SOURCE;
				MTL_FAST_MATH = YES;
				ONLY_ACTIVE_ARCH = YES;
				SDKROOT = iphoneos;
				SWIFT_ACTIVE_COMPILATION_CONDITIONS = DEBUG;
				SWIFT_OPTIMIZATION_LEVEL = "-Onone";
			};
			name = Debug;
		};
		C1A4B0EC2A49907C00998284 /* Release */ = {
			isa = XCBuildConfiguration;
			buildSettings = {
				ALWAYS_SEARCH_USER_PATHS = NO;
				CLANG_ANALYZER_NONNULL = YES;
				CLANG_ANALYZER_NUMBER_OBJECT_CONVERSION = YES_AGGRESSIVE;
				CLANG_CXX_LANGUAGE_STANDARD = "gnu++17";
				CLANG_ENABLE_MODULES = YES;
				CLANG_ENABLE_OBJC_ARC = YES;
				CLANG_ENABLE_OBJC_WEAK = YES;
				CLANG_WARN_BLOCK_CAPTURE_AUTORELEASING = YES;
				CLANG_WARN_BOOL_CONVERSION = YES;
				CLANG_WARN_COMMA = YES;
				CLANG_WARN_CONSTANT_CONVERSION = YES;
				CLANG_WARN_DEPRECATED_OBJC_IMPLEMENTATIONS = YES;
				CLANG_WARN_DIRECT_OBJC_ISA_USAGE = YES_ERROR;
				CLANG_WARN_DOCUMENTATION_COMMENTS = YES;
				CLANG_WARN_EMPTY_BODY = YES;
				CLANG_WARN_ENUM_CONVERSION = YES;
				CLANG_WARN_INFINITE_RECURSION = YES;
				CLANG_WARN_INT_CONVERSION = YES;
				CLANG_WARN_NON_LITERAL_NULL_CONVERSION = YES;
				CLANG_WARN_OBJC_IMPLICIT_RETAIN_SELF = YES;
				CLANG_WARN_OBJC_LITERAL_CONVERSION = YES;
				CLANG_WARN_OBJC_ROOT_CLASS = YES_ERROR;
				CLANG_WARN_QUOTED_INCLUDE_IN_FRAMEWORK_HEADER = YES;
				CLANG_WARN_RANGE_LOOP_ANALYSIS = YES;
				CLANG_WARN_STRICT_PROTOTYPES = YES;
				CLANG_WARN_SUSPICIOUS_MOVE = YES;
				CLANG_WARN_UNGUARDED_AVAILABILITY = YES_AGGRESSIVE;
				CLANG_WARN_UNREACHABLE_CODE = YES;
				CLANG_WARN__DUPLICATE_METHOD_MATCH = YES;
				COPY_PHASE_STRIP = NO;
				DEBUG_INFORMATION_FORMAT = "dwarf-with-dsym";
				ENABLE_NS_ASSERTIONS = NO;
				ENABLE_STRICT_OBJC_MSGSEND = YES;
				GCC_C_LANGUAGE_STANDARD = gnu11;
				GCC_NO_COMMON_BLOCKS = YES;
				GCC_WARN_64_TO_32_BIT_CONVERSION = YES;
				GCC_WARN_ABOUT_RETURN_TYPE = YES_ERROR;
				GCC_WARN_UNDECLARED_SELECTOR = YES;
				GCC_WARN_UNINITIALIZED_AUTOS = YES_AGGRESSIVE;
				GCC_WARN_UNUSED_FUNCTION = YES;
				GCC_WARN_UNUSED_VARIABLE = YES;
				IPHONEOS_DEPLOYMENT_TARGET = 15.5;
				MTL_ENABLE_DEBUG_INFO = NO;
				MTL_FAST_MATH = YES;
				SDKROOT = iphoneos;
				SWIFT_COMPILATION_MODE = wholemodule;
				SWIFT_OPTIMIZATION_LEVEL = "-O";
				VALIDATE_PRODUCT = YES;
			};
			name = Release;
		};
		C1A4B0EE2A49907C00998284 /* Debug */ = {
			isa = XCBuildConfiguration;
			buildSettings = {
				ASSETCATALOG_COMPILER_APPICON_NAME = AppIcon;
				ASSETCATALOG_COMPILER_GLOBAL_ACCENT_COLOR_NAME = AccentColor;
				CODE_SIGN_STYLE = Automatic;
				CURRENT_PROJECT_VERSION = 1;
				DEVELOPMENT_ASSET_PATHS = "\"semiperm/Preview Content\"";
				ENABLE_PREVIEWS = YES;
				GENERATE_INFOPLIST_FILE = YES;
				INFOPLIST_KEY_UIApplicationSceneManifest_Generation = YES;
				INFOPLIST_KEY_UIApplicationSupportsIndirectInputEvents = YES;
				INFOPLIST_KEY_UILaunchScreen_Generation = YES;
				INFOPLIST_KEY_UISupportedInterfaceOrientations_iPad = "UIInterfaceOrientationPortrait UIInterfaceOrientationPortraitUpsideDown UIInterfaceOrientationLandscapeLeft UIInterfaceOrientationLandscapeRight";
				INFOPLIST_KEY_UISupportedInterfaceOrientations_iPhone = "UIInterfaceOrientationPortrait UIInterfaceOrientationLandscapeLeft UIInterfaceOrientationLandscapeRight";
				LD_RUNPATH_SEARCH_PATHS = (
					"$(inherited)",
					"@executable_path/Frameworks",
				);
				MARKETING_VERSION = 1.0;
				PRODUCT_BUNDLE_IDENTIFIER = jes.semiperm;
				PRODUCT_NAME = "$(TARGET_NAME)";
				SWIFT_EMIT_LOC_STRINGS = YES;
				SWIFT_VERSION = 5.0;
				TARGETED_DEVICE_FAMILY = "1,2";
			};
			name = Debug;
		};
		C1A4B0EF2A49907C00998284 /* Release */ = {
			isa = XCBuildConfiguration;
			buildSettings = {
				ASSETCATALOG_COMPILER_APPICON_NAME = AppIcon;
				ASSETCATALOG_COMPILER_GLOBAL_ACCENT_COLOR_NAME = AccentColor;
				CODE_SIGN_STYLE = Automatic;
				CURRENT_PROJECT_VERSION = 1;
				DEVELOPMENT_ASSET_PATHS = "\"semiperm/Preview Content\"";
				ENABLE_PREVIEWS = YES;
				GENERATE_INFOPLIST_FILE = YES;
				INFOPLIST_KEY_UIApplicationSceneManifest_Generation = YES;
				INFOPLIST_KEY_UIApplicationSupportsIndirectInputEvents = YES;
				INFOPLIST_KEY_UILaunchScreen_Generation = YES;
				INFOPLIST_KEY_UISupportedInterfaceOrientations_iPad = "UIInterfaceOrientationPortrait UIInterfaceOrientationPortraitUpsideDown UIInterfaceOrientationLandscapeLeft UIInterfaceOrientationLandscapeRight";
				INFOPLIST_KEY_UISupportedInterfaceOrientations_iPhone = "UIInterfaceOrientationPortrait UIInterfaceOrientationLandscapeLeft UIInterfaceOrientationLandscapeRight";
				LD_RUNPATH_SEARCH_PATHS = (
					"$(inherited)",
					"@executable_path/Frameworks",
				);
				MARKETING_VERSION = 1.0;
				PRODUCT_BUNDLE_IDENTIFIER = jes.semiperm;
				PRODUCT_NAME = "$(TARGET_NAME)";
				SWIFT_EMIT_LOC_STRINGS = YES;
				SWIFT_VERSION = 5.0;
				TARGETED_DEVICE_FAMILY = "1,2";
			};
			name = Release;
		};
		C1A4B0F12A49907C00998284 /* Debug */ = {
			isa = XCBuildConfiguration;
			buildSettings = {
				ALWAYS_EMBED_SWIFT_STANDARD_LIBRARIES = YES;
				BUNDLE_LOADER = "$(TEST_HOST)";
				CODE_SIGN_STYLE = Automatic;
				CURRENT_PROJECT_VERSION = 1;
				GENERATE_INFOPLIST_FILE = YES;
				IPHONEOS_DEPLOYMENT_TARGET = 15.5;
				MARKETING_VERSION = 1.0;
				PRODUCT_BUNDLE_IDENTIFIER = jes.semipermTests;
				PRODUCT_NAME = "$(TARGET_NAME)";
				SWIFT_EMIT_LOC_STRINGS = NO;
				SWIFT_VERSION = 5.0;
				TARGETED_DEVICE_FAMILY = "1,2";
				TEST_HOST = "$(BUILT_PRODUCTS_DIR)/semiperm.app/semiperm";
			};
			name = Debug;
		};
		C1A4B0F22A49907C00998284 /* Release */ = {
			isa = XCBuildConfiguration;
			buildSettings = {
				ALWAYS_EMBED_SWIFT_STANDARD_LIBRARIES = YES;
				BUNDLE_LOADER = "$(TEST_HOST)";
				CODE_SIGN_STYLE = Automatic;
				CURRENT_PROJECT_VERSION = 1;
				GENERATE_INFOPLIST_FILE = YES;
				IPHONEOS_DEPLOYMENT_TARGET = 15.5;
				MARKETING_VERSION = 1.0;
				PRODUCT_BUNDLE_IDENTIFIER = jes.semipermTests;
				PRODUCT_NAME = "$(TARGET_NAME)";
				SWIFT_EMIT_LOC_STRINGS = NO;
				SWIFT_VERSION = 5.0;
				TARGETED_DEVICE_FAMILY = "1,2";
				TEST_HOST = "$(BUILT_PRODUCTS_DIR)/semiperm.app/semiperm";
			};
			name = Release;
		};
		C1A4B0F42A49907C00998284 /* Debug */ = {
			isa = XCBuildConfiguration;
			buildSettings = {
				ALWAYS_EMBED_SWIFT_STANDARD_LIBRARIES = YES;
				CODE_SIGN_STYLE = Automatic;
				CURRENT_PROJECT_VERSION = 1;
				GENERATE_INFOPLIST_FILE = YES;
				MARKETING_VERSION = 1.0;
				PRODUCT_BUNDLE_IDENTIFIER = jes.semipermUITests;
				PRODUCT_NAME = "$(TARGET_NAME)";
				SWIFT_EMIT_LOC_STRINGS = NO;
				SWIFT_VERSION = 5.0;
				TARGETED_DEVICE_FAMILY = "1,2";
				TEST_TARGET_NAME = semiperm;
			};
			name = Debug;
		};
		C1A4B0F52A49907C00998284 /* Release */ = {
			isa = XCBuildConfiguration;
			buildSettings = {
				ALWAYS_EMBED_SWIFT_STANDARD_LIBRARIES = YES;
				CODE_SIGN_STYLE = Automatic;
				CURRENT_PROJECT_VERSION = 1;
				GENERATE_INFOPLIST_FILE = YES;
				MARKETING_VERSION = 1.0;
				PRODUCT_BUNDLE_IDENTIFIER = jes.semipermUITests;
				PRODUCT_NAME = "$(TARGET_NAME)";
				SWIFT_EMIT_LOC_STRINGS = NO;
				SWIFT_VERSION = 5.0;
				TARGETED_DEVICE_FAMILY = "1,2";
				TEST_TARGET_NAME = semiperm;
			};
			name = Release;
		};
/* End XCBuildConfiguration section */

/* Begin XCConfigurationList section */
		C1A4B0C42A49907A00998284 /* Build configuration list for PBXProject "semiperm" */ = {
			isa = XCConfigurationList;
			buildConfigurations = (
				C1A4B0EB2A49907C00998284 /* Debug */,
				C1A4B0EC2A49907C00998284 /* Release */,
			);
			defaultConfigurationIsVisible = 0;
			defaultConfigurationName = Release;
		};
		C1A4B0ED2A49907C00998284 /* Build configuration list for PBXNativeTarget "semiperm" */ = {
			isa = XCConfigurationList;
			buildConfigurations = (
				C1A4B0EE2A49907C00998284 /* Debug */,
				C1A4B0EF2A49907C00998284 /* Release */,
			);
			defaultConfigurationIsVisible = 0;
			defaultConfigurationName = Release;
		};
		C1A4B0F02A49907C00998284 /* Build configuration list for PBXNativeTarget "semipermTests" */ = {
			isa = XCConfigurationList;
			buildConfigurations = (
				C1A4B0F12A49907C00998284 /* Debug */,
				C1A4B0F22A49907C00998284 /* Release */,
			);
			defaultConfigurationIsVisible = 0;
			defaultConfigurationName = Release;
		};
		C1A4B0F32A49907C00998284 /* Build configuration list for PBXNativeTarget "semipermUITests" */ = {
			isa = XCConfigurationList;
			buildConfigurations = (
				C1A4B0F42A49907C00998284 /* Debug */,
				C1A4B0F52A49907C00998284 /* Release */,
			);
			defaultConfigurationIsVisible = 0;
			defaultConfigurationName = Release;
		};
/* End XCConfigurationList section */
	};
	rootObject = C1A4B0C12A49907A00998284 /* Project object */;
}
